
Microsoft Visual Studio Solution File, Format Version 12.00
# Visual Studio Version 17
VisualStudioVersion = 17.1.32210.238
MinimumVisualStudioVersion = 10.0.40219.1
Project("{FAE04EC0-301F-11D3-BF4B-00C04F79EFBC}") = "Predicate", "Predicate\Predicate.csproj", "{1D46FE26-C9B7-4F10-A380-3FD1F66F1A1D}"
EndProject
Global
	GlobalSection(SolutionConfigurationPlatforms) = preSolution
		Debug|Any CPU = Debug|Any CPU
		Release|Any CPU = Release|Any CPU
	EndGlobalSection
	GlobalSection(ProjectConfigurationPlatforms) = postSolution
		{1D46FE26-C9B7-4F10-A380-3FD1F66F1A1D}.Debug|Any CPU.ActiveCfg = Debug|Any CPU
		{1D46FE26-C9B7-4F10-A380-3FD1F66F1A1D}.Debug|Any CPU.Build.0 = Debug|Any CPU
		{1D46FE26-C9B7-4F10-A380-3FD1F66F1A1D}.Release|Any CPU.ActiveCfg = Release|Any CPU
		{1D46FE26-C9B7-4F10-A380-3FD1F66F1A1D}.Release|Any CPU.Build.0 = Release|Any CPU
	EndGlobalSection
	GlobalSection(SolutionProperties) = preSolution
		HideSolutionNode = FALSE
	EndGlobalSection
	GlobalSection(ExtensibilityGlobals) = postSolution
		SolutionGuid = {B2708512-0CB7-4933-9A12-54E90C4AAC4A}
	EndGlobalSection
EndGlobal
