
Microsoft Visual Studio Solution File, Format Version 12.00
# Visual Studio Version 17
VisualStudioVersion = 17.1.32210.238
MinimumVisualStudioVersion = 10.0.40219.1
Project("{FAE04EC0-301F-11D3-BF4B-00C04F79EFBC}") = "Delegates", "Delegates\Delegates.csproj", "{8E6A7264-EFF6-4107-9E62-B0BA72896FDB}"
EndProject
Global
	GlobalSection(SolutionConfigurationPlatforms) = preSolution
		Debug|Any CPU = Debug|Any CPU
		Release|Any CPU = Release|Any CPU
	EndGlobalSection
	GlobalSection(ProjectConfigurationPlatforms) = postSolution
		{8E6A7264-EFF6-4107-9E62-B0BA72896FDB}.Debug|Any CPU.ActiveCfg = Debug|Any CPU
		{8E6A7264-EFF6-4107-9E62-B0BA72896FDB}.Debug|Any CPU.Build.0 = Debug|Any CPU
		{8E6A7264-EFF6-4107-9E62-B0BA72896FDB}.Release|Any CPU.ActiveCfg = Release|Any CPU
		{8E6A7264-EFF6-4107-9E62-B0BA72896FDB}.Release|Any CPU.Build.0 = Release|Any CPU
	EndGlobalSection
	GlobalSection(SolutionProperties) = preSolution
		HideSolutionNode = FALSE
	EndGlobalSection
	GlobalSection(ExtensibilityGlobals) = postSolution
		SolutionGuid = {B5E1C424-BB83-4150-A59C-9BE30F91D505}
	EndGlobalSection
EndGlobal
