
Microsoft Visual Studio Solution File, Format Version 12.00
# Visual Studio Version 17
VisualStudioVersion = 17.1.32228.430
MinimumVisualStudioVersion = 10.0.40219.1
Project("{FAE04EC0-301F-11D3-BF4B-00C04F79EFBC}") = "ExercicioProduto", "ExercicioProduto\ExercicioProduto.csproj", "{C54A96D8-CB75-45BD-BB97-15B82D679A2F}"
EndProject
Global
	GlobalSection(SolutionConfigurationPlatforms) = preSolution
		Debug|Any CPU = Debug|Any CPU
		Release|Any CPU = Release|Any CPU
	EndGlobalSection
	GlobalSection(ProjectConfigurationPlatforms) = postSolution
		{C54A96D8-CB75-45BD-BB97-15B82D679A2F}.Debug|Any CPU.ActiveCfg = Debug|Any CPU
		{C54A96D8-CB75-45BD-BB97-15B82D679A2F}.Debug|Any CPU.Build.0 = Debug|Any CPU
		{C54A96D8-CB75-45BD-BB97-15B82D679A2F}.Release|Any CPU.ActiveCfg = Release|Any CPU
		{C54A96D8-CB75-45BD-BB97-15B82D679A2F}.Release|Any CPU.Build.0 = Release|Any CPU
	EndGlobalSection
	GlobalSection(SolutionProperties) = preSolution
		HideSolutionNode = FALSE
	EndGlobalSection
	GlobalSection(ExtensibilityGlobals) = postSolution
		SolutionGuid = {8CB0F13C-C887-43EF-89F8-EE0399D4EAFD}
	EndGlobalSection
EndGlobal
